
Microsoft Visual Studio Solution File, Format Version 12.00
# Visual Studio Version 16
VisualStudioVersion = 16.0.29230.61
MinimumVisualStudioVersion = 10.0.40219.1
Project("{FAE04EC0-301F-11D3-BF4B-00C04F79EFBC}") = "VowelsWordCounter", "VowelsWordCounter\VowelsWordCounter.csproj", "{DB3ECB96-EA7B-40DD-A074-F79BBAF5A7F9}"
EndProject
Project("{FAE04EC0-301F-11D3-BF4B-00C04F79EFBC}") = "VowelsWordCounter.Tests", "VowelsWordCounter.Tests\VowelsWordCounter.Tests.csproj", "{4F2584D6-D21B-4A23-8105-C8FD9CF2D07C}"
EndProject
Global
	GlobalSection(SolutionConfigurationPlatforms) = preSolution
		Debug|Any CPU = Debug|Any CPU
		Release|Any CPU = Release|Any CPU
	EndGlobalSection
	GlobalSection(ProjectConfigurationPlatforms) = postSolution
		{DB3ECB96-EA7B-40DD-A074-F79BBAF5A7F9}.Debug|Any CPU.ActiveCfg = Debug|Any CPU
		{DB3ECB96-EA7B-40DD-A074-F79BBAF5A7F9}.Debug|Any CPU.Build.0 = Debug|Any CPU
		{DB3ECB96-EA7B-40DD-A074-F79BBAF5A7F9}.Release|Any CPU.ActiveCfg = Release|Any CPU
		{DB3ECB96-EA7B-40DD-A074-F79BBAF5A7F9}.Release|Any CPU.Build.0 = Release|Any CPU
		{4F2584D6-D21B-4A23-8105-C8FD9CF2D07C}.Debug|Any CPU.ActiveCfg = Debug|Any CPU
		{4F2584D6-D21B-4A23-8105-C8FD9CF2D07C}.Debug|Any CPU.Build.0 = Debug|Any CPU
		{4F2584D6-D21B-4A23-8105-C8FD9CF2D07C}.Release|Any CPU.ActiveCfg = Release|Any CPU
		{4F2584D6-D21B-4A23-8105-C8FD9CF2D07C}.Release|Any CPU.Build.0 = Release|Any CPU
	EndGlobalSection
	GlobalSection(SolutionProperties) = preSolution
		HideSolutionNode = FALSE
	EndGlobalSection
	GlobalSection(ExtensibilityGlobals) = postSolution
		SolutionGuid = {0B7B009B-93E7-4543-A4E6-37C9EA716685}
	EndGlobalSection
EndGlobal
